
Microsoft Visual Studio Solution File, Format Version 12.00
# Visual Studio Version 17
VisualStudioVersion = 17.5.002.0
MinimumVisualStudioVersion = 10.0.40219.1
Project("{9A19103F-16F7-4668-BE54-9A1E7A4F7556}") = "task", "task\task.csproj", "{4C8C1ABF-29C5-4889-BB1B-A11A6144FE32}"
EndProject
Global
	GlobalSection(SolutionConfigurationPlatforms) = preSolution
		Debug|Any CPU = Debug|Any CPU
		Release|Any CPU = Release|Any CPU
	EndGlobalSection
	GlobalSection(ProjectConfigurationPlatforms) = postSolution
		{4C8C1ABF-29C5-4889-BB1B-A11A6144FE32}.Debug|Any CPU.ActiveCfg = Debug|Any CPU
		{4C8C1ABF-29C5-4889-BB1B-A11A6144FE32}.Debug|Any CPU.Build.0 = Debug|Any CPU
		{4C8C1ABF-29C5-4889-BB1B-A11A6144FE32}.Release|Any CPU.ActiveCfg = Release|Any CPU
		{4C8C1ABF-29C5-4889-BB1B-A11A6144FE32}.Release|Any CPU.Build.0 = Release|Any CPU
	EndGlobalSection
	GlobalSection(SolutionProperties) = preSolution
		HideSolutionNode = FALSE
	EndGlobalSection
	GlobalSection(ExtensibilityGlobals) = postSolution
		SolutionGuid = {DFCAD4CD-1CB4-4C5B-BA39-EEF77D55F525}
	EndGlobalSection
EndGlobal
